
Microsoft Visual Studio Solution File, Format Version 12.00
# Visual Studio 15
VisualStudioVersion = 15.0.28307.1169
MinimumVisualStudioVersion = 10.0.40219.1
Project("{FAE04EC0-301F-11D3-BF4B-00C04F79EFBC}") = "kiemtracuoiky", "kiemtracuoiky\kiemtracuoiky.csproj", "{EB47D8A2-8EA0-4567-A936-B342CE36EAB4}"
EndProject
Global
	GlobalSection(SolutionConfigurationPlatforms) = preSolution
		Debug|Any CPU = Debug|Any CPU
		Release|Any CPU = Release|Any CPU
	EndGlobalSection
	GlobalSection(ProjectConfigurationPlatforms) = postSolution
		{EB47D8A2-8EA0-4567-A936-B342CE36EAB4}.Debug|Any CPU.ActiveCfg = Debug|Any CPU
		{EB47D8A2-8EA0-4567-A936-B342CE36EAB4}.Debug|Any CPU.Build.0 = Debug|Any CPU
		{EB47D8A2-8EA0-4567-A936-B342CE36EAB4}.Release|Any CPU.ActiveCfg = Release|Any CPU
		{EB47D8A2-8EA0-4567-A936-B342CE36EAB4}.Release|Any CPU.Build.0 = Release|Any CPU
	EndGlobalSection
	GlobalSection(SolutionProperties) = preSolution
		HideSolutionNode = FALSE
	EndGlobalSection
	GlobalSection(ExtensibilityGlobals) = postSolution
		SolutionGuid = {21DAA12E-6EAC-4B7A-9460-923C310CC4A1}
	EndGlobalSection
EndGlobal
